// !$*UTF8*$!
{
	archiveVersion = 1;
	classes = {
	};
	objectVersion = 56;
	objects = {

/* Begin PBXBuildFile section */
		1627D8AF2A4DFF0A0001238F /* LogIn.swift in Sources */ = {isa = PBXBuildFile; fileRef = 1627D8AE2A4DFF0A0001238F /* LogIn.swift */; };
		1627D8B52A4E04DD0001238F /* SignUp.swift in Sources */ = {isa = PBXBuildFile; fileRef = 1627D8B42A4E04DD0001238F /* SignUp.swift */; };
		16629CDC2A4B897D0007819D /* HomeScreen.swift in Sources */ = {isa = PBXBuildFile; fileRef = 16629CDB2A4B897D0007819D /* HomeScreen.swift */; };
		16629CE02A4B89DD0007819D /* FeaturedArtist.swift in Sources */ = {isa = PBXBuildFile; fileRef = 16629CDF2A4B89DD0007819D /* FeaturedArtist.swift */; };
		16629CE22A4B8A180007819D /* ArtistTools.swift in Sources */ = {isa = PBXBuildFile; fileRef = 16629CE12A4B8A180007819D /* ArtistTools.swift */; };
		16629CE42A4B8A300007819D /* Calendar.swift in Sources */ = {isa = PBXBuildFile; fileRef = 16629CE32A4B8A300007819D /* Calendar.swift */; };
		EE8341EF2A4A06FF0023D046 /* FINALKWKApp.swift in Sources */ = {isa = PBXBuildFile; fileRef = EE8341EE2A4A06FF0023D046 /* FINALKWKApp.swift */; };
		EE8341F12A4A06FF0023D046 /* ContentView.swift in Sources */ = {isa = PBXBuildFile; fileRef = EE8341F02A4A06FF0023D046 /* ContentView.swift */; };
		EE8341F32A4A07030023D046 /* Assets.xcassets in Resources */ = {isa = PBXBuildFile; fileRef = EE8341F22A4A07030023D046 /* Assets.xcassets */; };
		EE8341F62A4A07030023D046 /* Preview Assets.xcassets in Resources */ = {isa = PBXBuildFile; fileRef = EE8341F52A4A07030023D046 /* Preview Assets.xcassets */; };
		EE99EFB72A4CC92C00C52F65 /* Palette.swift in Sources */ = {isa = PBXBuildFile; fileRef = EE99EFB62A4CC92C00C52F65 /* Palette.swift */; };
		EE99EFB92A4CC94000C52F65 /* Materials.swift in Sources */ = {isa = PBXBuildFile; fileRef = EE99EFB82A4CC94000C52F65 /* Materials.swift */; };
		EE99EFBB2A4CC95400C52F65 /* Achievements.swift in Sources */ = {isa = PBXBuildFile; fileRef = EE99EFBA2A4CC95400C52F65 /* Achievements.swift */; };
		EEA542BA2A4B8EE9009E1C4E /* Inspo.swift in Sources */ = {isa = PBXBuildFile; fileRef = EEA542B92A4B8EE9009E1C4E /* Inspo.swift */; };
		EEB9BB0E2A4D1CE6007E8056 /* AWAW.swift in Sources */ = {isa = PBXBuildFile; fileRef = EEB9BB0D2A4D1CE6007E8056 /* AWAW.swift */; };
/* End PBXBuildFile section */

/* Begin PBXFileReference section */
		1627D8AE2A4DFF0A0001238F /* LogIn.swift */ = {isa = PBXFileReference; lastKnownFileType = sourcecode.swift; path = LogIn.swift; sourceTree = "<group>"; };
		1627D8B42A4E04DD0001238F /* SignUp.swift */ = {isa = PBXFileReference; lastKnownFileType = sourcecode.swift; path = SignUp.swift; sourceTree = SOURCE_ROOT; };
		16629CDB2A4B897D0007819D /* HomeScreen.swift */ = {isa = PBXFileReference; lastKnownFileType = sourcecode.swift; path = HomeScreen.swift; sourceTree = "<group>"; };
		16629CDF2A4B89DD0007819D /* FeaturedArtist.swift */ = {isa = PBXFileReference; lastKnownFileType = sourcecode.swift; path = FeaturedArtist.swift; sourceTree = "<group>"; };
		16629CE12A4B8A180007819D /* ArtistTools.swift */ = {isa = PBXFileReference; lastKnownFileType = sourcecode.swift; path = ArtistTools.swift; sourceTree = "<group>"; };
		16629CE32A4B8A300007819D /* Calendar.swift */ = {isa = PBXFileReference; lastKnownFileType = sourcecode.swift; path = Calendar.swift; sourceTree = "<group>"; };
		EE8341EB2A4A06FF0023D046 /* FINALKWK.app */ = {isa = PBXFileReference; explicitFileType = wrapper.application; includeInIndex = 0; path = FINALKWK.app; sourceTree = BUILT_PRODUCTS_DIR; };
		EE8341EE2A4A06FF0023D046 /* FINALKWKApp.swift */ = {isa = PBXFileReference; lastKnownFileType = sourcecode.swift; path = FINALKWKApp.swift; sourceTree = "<group>"; };
		EE8341F02A4A06FF0023D046 /* ContentView.swift */ = {isa = PBXFileReference; lastKnownFileType = sourcecode.swift; path = ContentView.swift; sourceTree = "<group>"; };
		EE8341F22A4A07030023D046 /* Assets.xcassets */ = {isa = PBXFileReference; lastKnownFileType = folder.assetcatalog; path = Assets.xcassets; sourceTree = "<group>"; };
		EE8341F52A4A07030023D046 /* Preview Assets.xcassets */ = {isa = PBXFileReference; lastKnownFileType = folder.assetcatalog; path = "Preview Assets.xcassets"; sourceTree = "<group>"; };
		EE99EFB62A4CC92C00C52F65 /* Palette.swift */ = {isa = PBXFileReference; lastKnownFileType = sourcecode.swift; path = Palette.swift; sourceTree = "<group>"; };
		EE99EFB82A4CC94000C52F65 /* Materials.swift */ = {isa = PBXFileReference; lastKnownFileType = sourcecode.swift; path = Materials.swift; sourceTree = "<group>"; };
		EE99EFBA2A4CC95400C52F65 /* Achievements.swift */ = {isa = PBXFileReference; lastKnownFileType = sourcecode.swift; path = Achievements.swift; sourceTree = "<group>"; };
		EEA542B92A4B8EE9009E1C4E /* Inspo.swift */ = {isa = PBXFileReference; lastKnownFileType = sourcecode.swift; path = Inspo.swift; sourceTree = "<group>"; };
		EEB9BB0D2A4D1CE6007E8056 /* AWAW.swift */ = {isa = PBXFileReference; lastKnownFileType = sourcecode.swift; path = AWAW.swift; sourceTree = "<group>"; };
/* End PBXFileReference section */

/* Begin PBXFrameworksBuildPhase section */
		EE8341E82A4A06FF0023D046 /* Frameworks */ = {
			isa = PBXFrameworksBuildPhase;
			buildActionMask = 2147483647;
			files = (
			);
			runOnlyForDeploymentPostprocessing = 0;
		};
/* End PBXFrameworksBuildPhase section */

/* Begin PBXGroup section */
		EE8341E22A4A06FF0023D046 = {
			isa = PBXGroup;
			children = (
				EE8341ED2A4A06FF0023D046 /* FINALKWK */,
				EE8341EC2A4A06FF0023D046 /* Products */,
			);
			sourceTree = "<group>";
		};
		EE8341EC2A4A06FF0023D046 /* Products */ = {
			isa = PBXGroup;
			children = (
				EE8341EB2A4A06FF0023D046 /* FINALKWK.app */,
			);
			name = Products;
			sourceTree = "<group>";
		};
		EE8341ED2A4A06FF0023D046 /* FINALKWK */ = {
			isa = PBXGroup;
			children = (
				EE8341EE2A4A06FF0023D046 /* FINALKWKApp.swift */,
				EE8341F02A4A06FF0023D046 /* ContentView.swift */,
				1627D8B42A4E04DD0001238F /* SignUp.swift */,
				1627D8AE2A4DFF0A0001238F /* LogIn.swift */,
				16629CDB2A4B897D0007819D /* HomeScreen.swift */,
				16629CDF2A4B89DD0007819D /* FeaturedArtist.swift */,
				16629CE32A4B8A300007819D /* Calendar.swift */,
				16629CE12A4B8A180007819D /* ArtistTools.swift */,
				EE99EFBA2A4CC95400C52F65 /* Achievements.swift */,
				EEB9BB0D2A4D1CE6007E8056 /* AWAW.swift */,
				EE99EFB82A4CC94000C52F65 /* Materials.swift */,
				EE99EFB62A4CC92C00C52F65 /* Palette.swift */,
				EEA542B92A4B8EE9009E1C4E /* Inspo.swift */,
				EE8341F22A4A07030023D046 /* Assets.xcassets */,
				EE8341F42A4A07030023D046 /* Preview Content */,
			);
			path = FINALKWK;
			sourceTree = "<group>";
		};
		EE8341F42A4A07030023D046 /* Preview Content */ = {
			isa = PBXGroup;
			children = (
				EE8341F52A4A07030023D046 /* Preview Assets.xcassets */,
			);
			path = "Preview Content";
			sourceTree = "<group>";
		};
/* End PBXGroup section */

/* Begin PBXNativeTarget section */
		EE8341EA2A4A06FF0023D046 /* FINALKWK */ = {
			isa = PBXNativeTarget;
			buildConfigurationList = EE8341F92A4A07030023D046 /* Build configuration list for PBXNativeTarget "FINALKWK" */;
			buildPhases = (
				EE8341E72A4A06FF0023D046 /* Sources */,
				EE8341E82A4A06FF0023D046 /* Frameworks */,
				EE8341E92A4A06FF0023D046 /* Resources */,
			);
			buildRules = (
			);
			dependencies = (
			);
			name = FINALKWK;
			productName = FINALKWK;
			productReference = EE8341EB2A4A06FF0023D046 /* FINALKWK.app */;
			productType = "com.apple.product-type.application";
		};
/* End PBXNativeTarget section */

/* Begin PBXProject section */
		EE8341E32A4A06FF0023D046 /* Project object */ = {
			isa = PBXProject;
			attributes = {
				BuildIndependentTargetsInParallel = 1;
				LastSwiftUpdateCheck = 1400;
				LastUpgradeCheck = 1400;
				TargetAttributes = {
					EE8341EA2A4A06FF0023D046 = {
						CreatedOnToolsVersion = 14.0.1;
					};
				};
			};
			buildConfigurationList = EE8341E62A4A06FF0023D046 /* Build configuration list for PBXProject "FINALKWK" */;
			compatibilityVersion = "Xcode 14.0";
			developmentRegion = en;
			hasScannedForEncodings = 0;
			knownRegions = (
				en,
				Base,
			);
			mainGroup = EE8341E22A4A06FF0023D046;
			productRefGroup = EE8341EC2A4A06FF0023D046 /* Products */;
			projectDirPath = "";
			projectRoot = "";
			targets = (
				EE8341EA2A4A06FF0023D046 /* FINALKWK */,
			);
		};
/* End PBXProject section */

/* Begin PBXResourcesBuildPhase section */
		EE8341E92A4A06FF0023D046 /* Resources */ = {
			isa = PBXResourcesBuildPhase;
			buildActionMask = 2147483647;
			files = (
				EE8341F62A4A07030023D046 /* Preview Assets.xcassets in Resources */,
				EE8341F32A4A07030023D046 /* Assets.xcassets in Resources */,
			);
			runOnlyForDeploymentPostprocessing = 0;
		};
/* End PBXResourcesBuildPhase section */

/* Begin PBXSourcesBuildPhase section */
		EE8341E72A4A06FF0023D046 /* Sources */ = {
			isa = PBXSourcesBuildPhase;
			buildActionMask = 2147483647;
			files = (
				EEA542BA2A4B8EE9009E1C4E /* Inspo.swift in Sources */,
				EE99EFBB2A4CC95400C52F65 /* Achievements.swift in Sources */,
				EE8341F12A4A06FF0023D046 /* ContentView.swift in Sources */,
				16629CE42A4B8A300007819D /* Calendar.swift in Sources */,
				EEB9BB0E2A4D1CE6007E8056 /* AWAW.swift in Sources */,
				EE8341EF2A4A06FF0023D046 /* FINALKWKApp.swift in Sources */,
				16629CE22A4B8A180007819D /* ArtistTools.swift in Sources */,
				1627D8AF2A4DFF0A0001238F /* LogIn.swift in Sources */,
				16629CDC2A4B897D0007819D /* HomeScreen.swift in Sources */,
				EE99EFB92A4CC94000C52F65 /* Materials.swift in Sources */,
				16629CE02A4B89DD0007819D /* FeaturedArtist.swift in Sources */,
				1627D8B52A4E04DD0001238F /* SignUp.swift in Sources */,
				EE99EFB72A4CC92C00C52F65 /* Palette.swift in Sources */,
			);
			runOnlyForDeploymentPostprocessing = 0;
		};
/* End PBXSourcesBuildPhase section */

/* Begin XCBuildConfiguration section */
		EE8341F72A4A07030023D046 /* Debug */ = {
			isa = XCBuildConfiguration;
			buildSettings = {
				ALWAYS_SEARCH_USER_PATHS = NO;
				CLANG_ANALYZER_NONNULL = YES;
				CLANG_ANALYZER_NUMBER_OBJECT_CONVERSION = YES_AGGRESSIVE;
				CLANG_CXX_LANGUAGE_STANDARD = "gnu++20";
				CLANG_ENABLE_MODULES = YES;
				CLANG_ENABLE_OBJC_ARC = YES;
				CLANG_ENABLE_OBJC_WEAK = YES;
				CLANG_WARN_BLOCK_CAPTURE_AUTORELEASING = YES;
				CLANG_WARN_BOOL_CONVERSION = YES;
				CLANG_WARN_COMMA = YES;
				CLANG_WARN_CONSTANT_CONVERSION = YES;
				CLANG_WARN_DEPRECATED_OBJC_IMPLEMENTATIONS = YES;
				CLANG_WARN_DIRECT_OBJC_ISA_USAGE = YES_ERROR;
				CLANG_WARN_DOCUMENTATION_COMMENTS = YES;
				CLANG_WARN_EMPTY_BODY = YES;
				CLANG_WARN_ENUM_CONVERSION = YES;
				CLANG_WARN_INFINITE_RECURSION = YES;
				CLANG_WARN_INT_CONVERSION = YES;
				CLANG_WARN_NON_LITERAL_NULL_CONVERSION = YES;
				CLANG_WARN_OBJC_IMPLICIT_RETAIN_SELF = YES;
				CLANG_WARN_OBJC_LITERAL_CONVERSION = YES;
				CLANG_WARN_OBJC_ROOT_CLASS = YES_ERROR;
				CLANG_WARN_QUOTED_INCLUDE_IN_FRAMEWORK_HEADER = YES;
				CLANG_WARN_RANGE_LOOP_ANALYSIS = YES;
				CLANG_WARN_STRICT_PROTOTYPES = YES;
				CLANG_WARN_SUSPICIOUS_MOVE = YES;
				CLANG_WARN_UNGUARDED_AVAILABILITY = YES_AGGRESSIVE;
				CLANG_WARN_UNREACHABLE_CODE = YES;
				CLANG_WARN__DUPLICATE_METHOD_MATCH = YES;
				COPY_PHASE_STRIP = NO;
				DEBUG_INFORMATION_FORMAT = dwarf;
				ENABLE_STRICT_OBJC_MSGSEND = YES;
				ENABLE_TESTABILITY = YES;
				GCC_C_LANGUAGE_STANDARD = gnu11;
				GCC_DYNAMIC_NO_PIC = NO;
				GCC_NO_COMMON_BLOCKS = YES;
				GCC_OPTIMIZATION_LEVEL = 0;
				GCC_PREPROCESSOR_DEFINITIONS = (
					"DEBUG=1",
					"$(inherited)",
				);
				GCC_WARN_64_TO_32_BIT_CONVERSION = YES;
				GCC_WARN_ABOUT_RETURN_TYPE = YES_ERROR;
				GCC_WARN_UNDECLARED_SELECTOR = YES;
				GCC_WARN_UNINITIALIZED_AUTOS = YES_AGGRESSIVE;
				GCC_WARN_UNUSED_FUNCTION = YES;
				GCC_WARN_UNUSED_VARIABLE = YES;
				IPHONEOS_DEPLOYMENT_TARGET = 16.0;
				MTL_ENABLE_DEBUG_INFO = INCLUDE_SOURCE;
				MTL_FAST_MATH = YES;
				ONLY_ACTIVE_ARCH = YES;
				SDKROOT = iphoneos;
				SWIFT_ACTIVE_COMPILATION_CONDITIONS = DEBUG;
				SWIFT_OPTIMIZATION_LEVEL = "-Onone";
			};
			name = Debug;
		};
		EE8341F82A4A07030023D046 /* Release */ = {
			isa = XCBuildConfiguration;
			buildSettings = {
				ALWAYS_SEARCH_USER_PATHS = NO;
				CLANG_ANALYZER_NONNULL = YES;
				CLANG_ANALYZER_NUMBER_OBJECT_CONVERSION = YES_AGGRESSIVE;
				CLANG_CXX_LANGUAGE_STANDARD = "gnu++20";
				CLANG_ENABLE_MODULES = YES;
				CLANG_ENABLE_OBJC_ARC = YES;
				CLANG_ENABLE_OBJC_WEAK = YES;
				CLANG_WARN_BLOCK_CAPTURE_AUTORELEASING = YES;
				CLANG_WARN_BOOL_CONVERSION = YES;
				CLANG_WARN_COMMA = YES;
				CLANG_WARN_CONSTANT_CONVERSION = YES;
				CLANG_WARN_DEPRECATED_OBJC_IMPLEMENTATIONS = YES;
				CLANG_WARN_DIRECT_OBJC_ISA_USAGE = YES_ERROR;
				CLANG_WARN_DOCUMENTATION_COMMENTS = YES;
				CLANG_WARN_EMPTY_BODY = YES;
				CLANG_WARN_ENUM_CONVERSION = YES;
				CLANG_WARN_INFINITE_RECURSION = YES;
				CLANG_WARN_INT_CONVERSION = YES;
				CLANG_WARN_NON_LITERAL_NULL_CONVERSION = YES;
				CLANG_WARN_OBJC_IMPLICIT_RETAIN_SELF = YES;
				CLANG_WARN_OBJC_LITERAL_CONVERSION = YES;
				CLANG_WARN_OBJC_ROOT_CLASS = YES_ERROR;
				CLANG_WARN_QUOTED_INCLUDE_IN_FRAMEWORK_HEADER = YES;
				CLANG_WARN_RANGE_LOOP_ANALYSIS = YES;
				CLANG_WARN_STRICT_PROTOTYPES = YES;
				CLANG_WARN_SUSPICIOUS_MOVE = YES;
				CLANG_WARN_UNGUARDED_AVAILABILITY = YES_AGGRESSIVE;
				CLANG_WARN_UNREACHABLE_CODE = YES;
				CLANG_WARN__DUPLICATE_METHOD_MATCH = YES;
				COPY_PHASE_STRIP = NO;
				DEBUG_INFORMATION_FORMAT = "dwarf-with-dsym";
				ENABLE_NS_ASSERTIONS = NO;
				ENABLE_STRICT_OBJC_MSGSEND = YES;
				GCC_C_LANGUAGE_STANDARD = gnu11;
				GCC_NO_COMMON_BLOCKS = YES;
				GCC_WARN_64_TO_32_BIT_CONVERSION = YES;
				GCC_WARN_ABOUT_RETURN_TYPE = YES_ERROR;
				GCC_WARN_UNDECLARED_SELECTOR = YES;
				GCC_WARN_UNINITIALIZED_AUTOS = YES_AGGRESSIVE;
				GCC_WARN_UNUSED_FUNCTION = YES;
				GCC_WARN_UNUSED_VARIABLE = YES;
				IPHONEOS_DEPLOYMENT_TARGET = 16.0;
				MTL_ENABLE_DEBUG_INFO = NO;
				MTL_FAST_MATH = YES;
				SDKROOT = iphoneos;
				SWIFT_COMPILATION_MODE = wholemodule;
				SWIFT_OPTIMIZATION_LEVEL = "-O";
				VALIDATE_PRODUCT = YES;
			};
			name = Release;
		};
		EE8341FA2A4A07030023D046 /* Debug */ = {
			isa = XCBuildConfiguration;
			buildSettings = {
				ASSETCATALOG_COMPILER_APPICON_NAME = AppIcon;
				ASSETCATALOG_COMPILER_GLOBAL_ACCENT_COLOR_NAME = AccentColor;
				CODE_SIGN_STYLE = Automatic;
				CURRENT_PROJECT_VERSION = 1;
				DEVELOPMENT_ASSET_PATHS = "\"FINALKWK/Preview Content\"";
				DEVELOPMENT_TEAM = 7ANL867WLD;
				ENABLE_PREVIEWS = YES;
				GENERATE_INFOPLIST_FILE = YES;
				INFOPLIST_KEY_UIApplicationSceneManifest_Generation = YES;
				INFOPLIST_KEY_UIApplicationSupportsIndirectInputEvents = YES;
				INFOPLIST_KEY_UILaunchScreen_Generation = YES;
				INFOPLIST_KEY_UISupportedInterfaceOrientations_iPad = "UIInterfaceOrientationPortrait UIInterfaceOrientationPortraitUpsideDown UIInterfaceOrientationLandscapeLeft UIInterfaceOrientationLandscapeRight";
				INFOPLIST_KEY_UISupportedInterfaceOrientations_iPhone = "UIInterfaceOrientationPortrait UIInterfaceOrientationLandscapeLeft UIInterfaceOrientationLandscapeRight";
				LD_RUNPATH_SEARCH_PATHS = (
					"$(inherited)",
					"@executable_path/Frameworks",
				);
				MARKETING_VERSION = 1.0;
				PRODUCT_BUNDLE_IDENTIFIER = KWK.FINALKWK;
				PRODUCT_NAME = "$(TARGET_NAME)";
				SWIFT_EMIT_LOC_STRINGS = YES;
				SWIFT_VERSION = 5.0;
				TARGETED_DEVICE_FAMILY = "1,2";
			};
			name = Debug;
		};
		EE8341FB2A4A07030023D046 /* Release */ = {
			isa = XCBuildConfiguration;
			buildSettings = {
				ASSETCATALOG_COMPILER_APPICON_NAME = AppIcon;
				ASSETCATALOG_COMPILER_GLOBAL_ACCENT_COLOR_NAME = AccentColor;
				CODE_SIGN_STYLE = Automatic;
				CURRENT_PROJECT_VERSION = 1;
				DEVELOPMENT_ASSET_PATHS = "\"FINALKWK/Preview Content\"";
				DEVELOPMENT_TEAM = 7ANL867WLD;
				ENABLE_PREVIEWS = YES;
				GENERATE_INFOPLIST_FILE = YES;
				INFOPLIST_KEY_UIApplicationSceneManifest_Generation = YES;
				INFOPLIST_KEY_UIApplicationSupportsIndirectInputEvents = YES;
				INFOPLIST_KEY_UILaunchScreen_Generation = YES;
				INFOPLIST_KEY_UISupportedInterfaceOrientations_iPad = "UIInterfaceOrientationPortrait UIInterfaceOrientationPortraitUpsideDown UIInterfaceOrientationLandscapeLeft UIInterfaceOrientationLandscapeRight";
				INFOPLIST_KEY_UISupportedInterfaceOrientations_iPhone = "UIInterfaceOrientationPortrait UIInterfaceOrientationLandscapeLeft UIInterfaceOrientationLandscapeRight";
				LD_RUNPATH_SEARCH_PATHS = (
					"$(inherited)",
					"@executable_path/Frameworks",
				);
				MARKETING_VERSION = 1.0;
				PRODUCT_BUNDLE_IDENTIFIER = KWK.FINALKWK;
				PRODUCT_NAME = "$(TARGET_NAME)";
				SWIFT_EMIT_LOC_STRINGS = YES;
				SWIFT_VERSION = 5.0;
				TARGETED_DEVICE_FAMILY = "1,2";
			};
			name = Release;
		};
/* End XCBuildConfiguration section */

/* Begin XCConfigurationList section */
		EE8341E62A4A06FF0023D046 /* Build configuration list for PBXProject "FINALKWK" */ = {
			isa = XCConfigurationList;
			buildConfigurations = (
				EE8341F72A4A07030023D046 /* Debug */,
				EE8341F82A4A07030023D046 /* Release */,
			);
			defaultConfigurationIsVisible = 0;
			defaultConfigurationName = Release;
		};
		EE8341F92A4A07030023D046 /* Build configuration list for PBXNativeTarget "FINALKWK" */ = {
			isa = XCConfigurationList;
			buildConfigurations = (
				EE8341FA2A4A07030023D046 /* Debug */,
				EE8341FB2A4A07030023D046 /* Release */,
			);
			defaultConfigurationIsVisible = 0;
			defaultConfigurationName = Release;
		};
/* End XCConfigurationList section */
	};
	rootObject = EE8341E32A4A06FF0023D046 /* Project object */;
}
